
Microsoft Visual Studio Solution File, Format Version 12.00
# Visual Studio Version 17
VisualStudioVersion = 17.3.32929.385
MinimumVisualStudioVersion = 10.0.40219.1
Project("{FAE04EC0-301F-11D3-BF4B-00C04F79EFBC}") = "BasaProject", "BasaProject\BasaProject.csproj", "{517CC156-AC0D-46B6-9182-C859F457E56F}"
EndProject
Global
	GlobalSection(SolutionConfigurationPlatforms) = preSolution
		Debug|Any CPU = Debug|Any CPU
		Release|Any CPU = Release|Any CPU
	EndGlobalSection
	GlobalSection(ProjectConfigurationPlatforms) = postSolution
		{517CC156-AC0D-46B6-9182-C859F457E56F}.Debug|Any CPU.ActiveCfg = Debug|Any CPU
		{517CC156-AC0D-46B6-9182-C859F457E56F}.Debug|Any CPU.Build.0 = Debug|Any CPU
		{517CC156-AC0D-46B6-9182-C859F457E56F}.Release|Any CPU.ActiveCfg = Release|Any CPU
		{517CC156-AC0D-46B6-9182-C859F457E56F}.Release|Any CPU.Build.0 = Release|Any CPU
	EndGlobalSection
	GlobalSection(SolutionProperties) = preSolution
		HideSolutionNode = FALSE
	EndGlobalSection
	GlobalSection(ExtensibilityGlobals) = postSolution
		SolutionGuid = {AA5AABFA-C5D8-4E83-A5FE-13AF4349697F}
	EndGlobalSection
EndGlobal
